
Microsoft Visual Studio Solution File, Format Version 12.00
# Visual Studio Version 16
VisualStudioVersion = 16.0.29519.181
MinimumVisualStudioVersion = 10.0.40219.1
Project("{FAE04EC0-301F-11D3-BF4B-00C04F79EFBC}") = "MSSA practice inheritance and interfaces", "MSSA practice inheritance and interfaces\MSSA practice inheritance and interfaces.csproj", "{8D3FFBA2-1EC5-4E1C-84F7-9994CEC3CFB1}"
EndProject
Global
	GlobalSection(SolutionConfigurationPlatforms) = preSolution
		Debug|Any CPU = Debug|Any CPU
		Release|Any CPU = Release|Any CPU
	EndGlobalSection
	GlobalSection(ProjectConfigurationPlatforms) = postSolution
		{8D3FFBA2-1EC5-4E1C-84F7-9994CEC3CFB1}.Debug|Any CPU.ActiveCfg = Debug|Any CPU
		{8D3FFBA2-1EC5-4E1C-84F7-9994CEC3CFB1}.Debug|Any CPU.Build.0 = Debug|Any CPU
		{8D3FFBA2-1EC5-4E1C-84F7-9994CEC3CFB1}.Release|Any CPU.ActiveCfg = Release|Any CPU
		{8D3FFBA2-1EC5-4E1C-84F7-9994CEC3CFB1}.Release|Any CPU.Build.0 = Release|Any CPU
	EndGlobalSection
	GlobalSection(SolutionProperties) = preSolution
		HideSolutionNode = FALSE
	EndGlobalSection
	GlobalSection(ExtensibilityGlobals) = postSolution
		SolutionGuid = {A101B4A5-BDEC-4A09-8D8F-1D71E026C8C8}
	EndGlobalSection
EndGlobal
